
Microsoft Visual Studio Solution File, Format Version 12.00
# Visual Studio Version 16
VisualStudioVersion = 16.0.30804.86
MinimumVisualStudioVersion = 10.0.40219.1
Project("{9A19103F-16F7-4668-BE54-9A1E7A4F7556}") = "BarbezDotEu.Twitter", "BarbezDotEu.Twitter\BarbezDotEu.Twitter.csproj", "{DCADD5E9-E4DB-4F6E-84EF-41D886794206}"
EndProject
Project("{2150E333-8FDC-42A3-9474-1A3956D46DE8}") = "External", "External", "{6AB5F91D-48A2-44D8-ABB7-2F86EC267203}"
EndProject
Project("{9A19103F-16F7-4668-BE54-9A1E7A4F7556}") = "BarbezDotEu.Http", "..\BarbezDotEu.Http\BarbezDotEu.Http\BarbezDotEu.Http\BarbezDotEu.Http.csproj", "{2015694C-0157-43D5-8E1D-358D8C8D61F5}"
EndProject
Project("{9A19103F-16F7-4668-BE54-9A1E7A4F7556}") = "BarbezDotEu.Provider", "..\BarbezDotEu.Provider\BarbezDotEu.Provider\BarbezDotEu.Provider\BarbezDotEu.Provider.csproj", "{FBF4D072-7562-439A-A9AC-7AD9B47903B8}"
EndProject
Project("{9A19103F-16F7-4668-BE54-9A1E7A4F7556}") = "BarbezDotEu.MicroBlog", "..\BarbezDotEu.MicroBlog\BarbezDotEu.MicroBlog\BarbezDotEu.MicroBlog.csproj", "{6F1695D9-BBFA-4D28-9F6A-FBCFEDEF125E}"
EndProject
Global
	GlobalSection(SolutionConfigurationPlatforms) = preSolution
		Debug|Any CPU = Debug|Any CPU
		Release|Any CPU = Release|Any CPU
	EndGlobalSection
	GlobalSection(ProjectConfigurationPlatforms) = postSolution
		{DCADD5E9-E4DB-4F6E-84EF-41D886794206}.Debug|Any CPU.ActiveCfg = Debug|Any CPU
		{DCADD5E9-E4DB-4F6E-84EF-41D886794206}.Debug|Any CPU.Build.0 = Debug|Any CPU
		{DCADD5E9-E4DB-4F6E-84EF-41D886794206}.Release|Any CPU.ActiveCfg = Release|Any CPU
		{DCADD5E9-E4DB-4F6E-84EF-41D886794206}.Release|Any CPU.Build.0 = Release|Any CPU
		{2015694C-0157-43D5-8E1D-358D8C8D61F5}.Debug|Any CPU.ActiveCfg = Debug|Any CPU
		{2015694C-0157-43D5-8E1D-358D8C8D61F5}.Debug|Any CPU.Build.0 = Debug|Any CPU
		{2015694C-0157-43D5-8E1D-358D8C8D61F5}.Release|Any CPU.ActiveCfg = Release|Any CPU
		{2015694C-0157-43D5-8E1D-358D8C8D61F5}.Release|Any CPU.Build.0 = Release|Any CPU
		{FBF4D072-7562-439A-A9AC-7AD9B47903B8}.Debug|Any CPU.ActiveCfg = Debug|Any CPU
		{FBF4D072-7562-439A-A9AC-7AD9B47903B8}.Debug|Any CPU.Build.0 = Debug|Any CPU
		{FBF4D072-7562-439A-A9AC-7AD9B47903B8}.Release|Any CPU.ActiveCfg = Release|Any CPU
		{FBF4D072-7562-439A-A9AC-7AD9B47903B8}.Release|Any CPU.Build.0 = Release|Any CPU
		{6F1695D9-BBFA-4D28-9F6A-FBCFEDEF125E}.Debug|Any CPU.ActiveCfg = Debug|Any CPU
		{6F1695D9-BBFA-4D28-9F6A-FBCFEDEF125E}.Debug|Any CPU.Build.0 = Debug|Any CPU
		{6F1695D9-BBFA-4D28-9F6A-FBCFEDEF125E}.Release|Any CPU.ActiveCfg = Release|Any CPU
		{6F1695D9-BBFA-4D28-9F6A-FBCFEDEF125E}.Release|Any CPU.Build.0 = Release|Any CPU
	EndGlobalSection
	GlobalSection(SolutionProperties) = preSolution
		HideSolutionNode = FALSE
	EndGlobalSection
	GlobalSection(NestedProjects) = preSolution
		{2015694C-0157-43D5-8E1D-358D8C8D61F5} = {6AB5F91D-48A2-44D8-ABB7-2F86EC267203}
		{FBF4D072-7562-439A-A9AC-7AD9B47903B8} = {6AB5F91D-48A2-44D8-ABB7-2F86EC267203}
		{6F1695D9-BBFA-4D28-9F6A-FBCFEDEF125E} = {6AB5F91D-48A2-44D8-ABB7-2F86EC267203}
	EndGlobalSection
	GlobalSection(ExtensibilityGlobals) = postSolution
		SolutionGuid = {5DC7375A-45FD-415F-ACFD-1BD6E47C3785}
	EndGlobalSection
EndGlobal
